
Microsoft Visual Studio Solution File, Format Version 12.00
# Visual Studio 15
VisualStudioVersion = 15.0.27004.2002
MinimumVisualStudioVersion = 10.0.40219.1
Project("{FAE04EC0-301F-11D3-BF4B-00C04F79EFBC}") = "BulletProof_QuestionMark", "BulletProof_QuestionMark\BulletProof_QuestionMark.csproj", "{B925D2F9-1AE4-455F-872A-3108706ECC47}"
EndProject
Project("{FAE04EC0-301F-11D3-BF4B-00C04F79EFBC}") = "BulletProof_QuestionMarkTests", "BulletProof_QuestionMarkTests\BulletProof_QuestionMarkTests.csproj", "{C6FD61ED-67D6-4CCE-ACD1-054181341015}"
EndProject
Global
	GlobalSection(SolutionConfigurationPlatforms) = preSolution
		Debug|Any CPU = Debug|Any CPU
		Release|Any CPU = Release|Any CPU
	EndGlobalSection
	GlobalSection(ProjectConfigurationPlatforms) = postSolution
		{B925D2F9-1AE4-455F-872A-3108706ECC47}.Debug|Any CPU.ActiveCfg = Debug|Any CPU
		{B925D2F9-1AE4-455F-872A-3108706ECC47}.Debug|Any CPU.Build.0 = Debug|Any CPU
		{B925D2F9-1AE4-455F-872A-3108706ECC47}.Release|Any CPU.ActiveCfg = Release|Any CPU
		{B925D2F9-1AE4-455F-872A-3108706ECC47}.Release|Any CPU.Build.0 = Release|Any CPU
		{C6FD61ED-67D6-4CCE-ACD1-054181341015}.Debug|Any CPU.ActiveCfg = Debug|Any CPU
		{C6FD61ED-67D6-4CCE-ACD1-054181341015}.Debug|Any CPU.Build.0 = Debug|Any CPU
		{C6FD61ED-67D6-4CCE-ACD1-054181341015}.Release|Any CPU.ActiveCfg = Release|Any CPU
		{C6FD61ED-67D6-4CCE-ACD1-054181341015}.Release|Any CPU.Build.0 = Release|Any CPU
	EndGlobalSection
	GlobalSection(SolutionProperties) = preSolution
		HideSolutionNode = FALSE
	EndGlobalSection
	GlobalSection(ExtensibilityGlobals) = postSolution
		SolutionGuid = {E9A62EE1-18B1-4168-B5C5-6E4A554213B4}
	EndGlobalSection
EndGlobal
